
Microsoft Visual Studio Solution File, Format Version 12.00
# Visual Studio Version 16
VisualStudioVersion = 16.0.31025.194
MinimumVisualStudioVersion = 10.0.40219.1
Project("{FAE04EC0-301F-11D3-BF4B-00C04F79EFBC}") = "Flights App", "Flights App.csproj", "{C5FA66C0-467A-4CD4-97F1-A8316990A09C}"
EndProject
Global
	GlobalSection(SolutionConfigurationPlatforms) = preSolution
		Debug|Any CPU = Debug|Any CPU
		Release|Any CPU = Release|Any CPU
	EndGlobalSection
	GlobalSection(ProjectConfigurationPlatforms) = postSolution
		{C5FA66C0-467A-4CD4-97F1-A8316990A09C}.Debug|Any CPU.ActiveCfg = Debug|Any CPU
		{C5FA66C0-467A-4CD4-97F1-A8316990A09C}.Debug|Any CPU.Build.0 = Debug|Any CPU
		{C5FA66C0-467A-4CD4-97F1-A8316990A09C}.Release|Any CPU.ActiveCfg = Release|Any CPU
		{C5FA66C0-467A-4CD4-97F1-A8316990A09C}.Release|Any CPU.Build.0 = Release|Any CPU
	EndGlobalSection
	GlobalSection(SolutionProperties) = preSolution
		HideSolutionNode = FALSE
	EndGlobalSection
	GlobalSection(ExtensibilityGlobals) = postSolution
		SolutionGuid = {CCC9A098-7584-41ED-8DA2-B55F34D1B046}
	EndGlobalSection
EndGlobal
